# This file was autogenerated by Stack.
# You should not edit this file by hand.
# For more information, please see the documentation at:
#   https://docs.haskellstack.org/en/stable/lock_files

packages:
- completed:
    hackage: yesod-text-markdown-0.1.10@sha256:5ec2f0c7723f3ae134189d2a265bc1b37bad99b9b4b7bd452645c7e5a81b1bf8,2281
    pantry-tree:
      size: 226
      sha256: c52dbee76de9e44a85043820939c26ebe5e48dd6e238341c37b6c134b01a69ca
  original:
    hackage: yesod-text-markdown-0.1.10
- completed:
    hackage: yesod-auth-oauth2-0.6.1.0@sha256:8dcee69de8e2f61da5ce1007b585ba079de764815c449ae0a6df35540ebf3511,2859
    pantry-tree:
      size: 1690
      sha256: da3ab64775776418899b22fec1cbe64626e50dc279a4a1dee4ad70bc0334c1b6
  original:
    hackage: yesod-auth-oauth2-0.6.1.0@sha256:8dcee69de8e2f61da5ce1007b585ba079de764815c449ae0a6df35540ebf3511
- completed:
    hackage: hoauth2-1.8.3@sha256:32e1a6fcdc999d3eef522ee31c165805626e5c154aa828d603402767d02f2bc6,5751
    pantry-tree:
      size: 1986
      sha256: 0c3e939bfe712bfd5fec43bc5144af66b51b13758af83d55ceb3374a23b700e0
  original:
    hackage: hoauth2-1.8.3@sha256:32e1a6fcdc999d3eef522ee31c165805626e5c154aa828d603402767d02f2bc6
- completed:
    hackage: transformers-0.5.6.2@sha256:6c959d14430f4deffb99579ba019de07c3d852a2122b6f449344386c7d75ff1d,3172
    pantry-tree:
      size: 2512
      sha256: c79246ba7d61392c2f214376fed3c2a05e4b2649b93ec2c849a86493f278ace0
  original:
    hackage: transformers-0.5.6.2
snapshots:
- completed:
    size: 534126
    url: https://raw.githubusercontent.com/commercialhaskell/stackage-snapshots/master/lts/16/31.yaml
    sha256: 637fb77049b25560622a224845b7acfe81a09fdb6a96a3c75997a10b651667f6
  original:
    url: https://raw.githubusercontent.com/commercialhaskell/stackage-snapshots/master/lts/16/31.yaml
